
Microsoft Visual Studio Solution File, Format Version 12.00
# Visual Studio 15
VisualStudioVersion = 15.0.26228.9
MinimumVisualStudioVersion = 10.0.40219.1
Project("{8BC9CEB8-8B4A-11D0-8D11-00A0C91BC942}") = "esp8266_weather_with_sd", "esp8266_weather_with_sd.vcxproj", "{B741F746-695D-4472-B21E-057792C5876D}"
EndProject
Global
	GlobalSection(SolutionConfigurationPlatforms) = preSolution
		Debug|x86 = Debug|x86
		Release|x86 = Release|x86
	EndGlobalSection
	GlobalSection(ProjectConfigurationPlatforms) = postSolution
		{B741F746-695D-4472-B21E-057792C5876D}.Debug|x86.ActiveCfg = Debug|Win32
		{B741F746-695D-4472-B21E-057792C5876D}.Debug|x86.Build.0 = Debug|Win32
		{B741F746-695D-4472-B21E-057792C5876D}.Release|x86.ActiveCfg = Release|Win32
		{B741F746-695D-4472-B21E-057792C5876D}.Release|x86.Build.0 = Release|Win32
	EndGlobalSection
	GlobalSection(SolutionProperties) = preSolution
		HideSolutionNode = FALSE
	EndGlobalSection
EndGlobal
